{
  "name": "diff",
  "version": "1.0.0",
  "lockfileVersion": 1,
  "requires": true,
  "dependencies": {
    "deep-diff": {
      "version": "1.0.2",
      "resolved": "http://npm.beisencorp.com/repository/npm-group/deep-diff/-/deep-diff-1.0.2.tgz",
      "integrity": "sha512-aWS3UIVH+NPGCD1kki+DCU9Dua032iSsO43LqQpcs4R3+dVv7tX0qBGjiVHJHjplsoUM2XRO/KB92glqc68awg=="
    }
  }
}
